
Microsoft Visual Studio Solution File, Format Version 12.00
# Visual Studio 2012
Project("{E24C65DC-7377-472B-9ABA-BC803B73C61A}") = "FinalProject(1)", "http://localhost:49974", "{5080BAF8-0653-43A3-880A-5070D63CE3CD}"
	ProjectSection(WebsiteProperties) = preProject
		UseIISExpress = "true"
		TargetFrameworkMoniker = ".NETFramework,Version%3Dv4.5"
		Debug.AspNetCompiler.VirtualPath = "/localhost_49974"
		Debug.AspNetCompiler.PhysicalPath = "..\..\WebSites\FinalProject\"
		Debug.AspNetCompiler.TargetPath = "PrecompiledWeb\localhost_49974\"
		Debug.AspNetCompiler.Updateable = "true"
		Debug.AspNetCompiler.ForceOverwrite = "true"
		Debug.AspNetCompiler.FixedNames = "false"
		Debug.AspNetCompiler.Debug = "True"
		Release.AspNetCompiler.VirtualPath = "/localhost_49974"
		Release.AspNetCompiler.PhysicalPath = "..\..\WebSites\FinalProject\"
		Release.AspNetCompiler.TargetPath = "PrecompiledWeb\localhost_49974\"
		Release.AspNetCompiler.Updateable = "true"
		Release.AspNetCompiler.ForceOverwrite = "true"
		Release.AspNetCompiler.FixedNames = "false"
		Release.AspNetCompiler.Debug = "False"
		SlnRelativePath = "..\..\WebSites\FinalProject\"
		DefaultWebSiteLanguage = "Visual C#"
	EndProjectSection
	ProjectSection(ProjectDependencies) = postProject
		{797141EE-98FF-41F5-A48C-DBD08F6F8D7C} = {797141EE-98FF-41F5-A48C-DBD08F6F8D7C}
	EndProjectSection
EndProject
Project("{FAE04EC0-301F-11D3-BF4B-00C04F79EFBC}") = "RetailStoreWebServices", "RetailStoreWebServices\RetailStoreWebServices.csproj", "{797141EE-98FF-41F5-A48C-DBD08F6F8D7C}"
EndProject
Global
	GlobalSection(SolutionConfigurationPlatforms) = preSolution
		Debug|Any CPU = Debug|Any CPU
		Release|Any CPU = Release|Any CPU
	EndGlobalSection
	GlobalSection(ProjectConfigurationPlatforms) = postSolution
		{5080BAF8-0653-43A3-880A-5070D63CE3CD}.Debug|Any CPU.ActiveCfg = Debug|Any CPU
		{5080BAF8-0653-43A3-880A-5070D63CE3CD}.Debug|Any CPU.Build.0 = Debug|Any CPU
		{5080BAF8-0653-43A3-880A-5070D63CE3CD}.Release|Any CPU.ActiveCfg = Debug|Any CPU
		{5080BAF8-0653-43A3-880A-5070D63CE3CD}.Release|Any CPU.Build.0 = Debug|Any CPU
		{797141EE-98FF-41F5-A48C-DBD08F6F8D7C}.Debug|Any CPU.ActiveCfg = Debug|Any CPU
		{797141EE-98FF-41F5-A48C-DBD08F6F8D7C}.Debug|Any CPU.Build.0 = Debug|Any CPU
		{797141EE-98FF-41F5-A48C-DBD08F6F8D7C}.Release|Any CPU.ActiveCfg = Release|Any CPU
		{797141EE-98FF-41F5-A48C-DBD08F6F8D7C}.Release|Any CPU.Build.0 = Release|Any CPU
	EndGlobalSection
	GlobalSection(SolutionProperties) = preSolution
		HideSolutionNode = FALSE
	EndGlobalSection
EndGlobal
